{
  "pins" : [
    {
      "identity" : "trinityaudio-ios-sdk",
      "kind" : "remoteSourceControl",
      "location" : "https://github.com/TrinityAudioSDK/trinityaudio-ios-sdk",
      "state" : {
        "branch" : "main",
        "revision" : "b017f48642c7e6151cb995622f03f9c72bc9d8eb"
      }
    }
  ],
  "version" : 2
}
